{
    "_readme": [
        "This file locks the dependencies of your project to a known state",
        "Read more about it at https://getcomposer.org/doc/01-basic-usage.md#installing-dependencies",
        "This file is @generated automatically"
    ],
    "content-hash": "23bfdd5446939847c7abb12f30a5638d",
    "packages": [
        {
            "name": "workerman/workerman",
            "version": "v5.0.0",
            "source": {
                "type": "git",
                "url": "https://github.com/walkor/workerman.git",
                "reference": "df67931cc602675e95fb2eace90948fa642a3024"
            },
            "dist": {
                "type": "zip",
                "url": "https://api.github.com/repos/walkor/workerman/zipball/df67931cc602675e95fb2eace90948fa642a3024",
                "reference": "df67931cc602675e95fb2eace90948fa642a3024",
                "shasum": ""
            },
            "require": {
                "ext-json": "*",
                "php": ">=8.1"
            },
            "conflict": {
                "ext-swow": "<v1.0.0"
            },
            "require-dev": {
                "guzzlehttp/guzzle": "^7.0",
                "mockery/mockery": "^1.6",
                "pestphp/pest": "2.x-dev",
                "phpstan/phpstan": "1.11.x-dev"
            },
            "suggest": {
                "ext-event": "For better performance. "
            },
            "type": "library",
            "autoload": {
                "psr-4": {
                    "Workerman\\": "src"
                }
            },
            "notification-url": "https://packagist.org/downloads/",
            "license": [
                "MIT"
            ],
            "authors": [
                {
                    "name": "walkor",
                    "email": "walkor@workerman.net",
                    "homepage": "https://www.workerman.net",
                    "role": "Developer"
                }
            ],
            "description": "An asynchronous event driven PHP framework for easily building fast, scalable network applications.",
            "homepage": "https://www.workerman.net",
            "keywords": [
                "asynchronous",
                "event-loop",
                "framework",
                "http"
            ],
            "support": {
                "email": "walkor@workerman.net",
                "forum": "https://www.workerman.net/questions",
                "issues": "https://github.com/walkor/workerman/issues",
                "source": "https://github.com/walkor/workerman",
                "wiki": "https://www.workerman.net/doc/workerman/"
            },
            "funding": [
                {
                    "url": "https://opencollective.com/workerman",
                    "type": "open_collective"
                },
                {
                    "url": "https://www.patreon.com/walkor",
                    "type": "patreon"
                }
            ],
            "time": "2024-12-30T15:42:54+00:00"
        }
    ],
    "packages-dev": [],
    "aliases": [],
    "minimum-stability": "stable",
    "stability-flags": {},
    "prefer-stable": false,
    "prefer-lowest": false,
    "platform": {},
    "platform-dev": {},
    "plugin-api-version": "2.6.0"
}
